
Microsoft Visual Studio Solution File, Format Version 12.00
# Visual Studio Version 17
VisualStudioVersion = 17.7.34031.279
MinimumVisualStudioVersion = 10.0.40219.1
Project("{FAE04EC0-301F-11D3-BF4B-00C04F79EFBC}") = "HotelReviewApp", "HotelReviewApp\HotelReviewApp.csproj", "{6848026C-0643-492D-850E-930CEB7F3F29}"
EndProject
Global
	GlobalSection(SolutionConfigurationPlatforms) = preSolution
		Debug|Any CPU = Debug|Any CPU
		Release|Any CPU = Release|Any CPU
	EndGlobalSection
	GlobalSection(ProjectConfigurationPlatforms) = postSolution
		{6848026C-0643-492D-850E-930CEB7F3F29}.Debug|Any CPU.ActiveCfg = Debug|Any CPU
		{6848026C-0643-492D-850E-930CEB7F3F29}.Debug|Any CPU.Build.0 = Debug|Any CPU
		{6848026C-0643-492D-850E-930CEB7F3F29}.Release|Any CPU.ActiveCfg = Release|Any CPU
		{6848026C-0643-492D-850E-930CEB7F3F29}.Release|Any CPU.Build.0 = Release|Any CPU
	EndGlobalSection
	GlobalSection(SolutionProperties) = preSolution
		HideSolutionNode = FALSE
	EndGlobalSection
	GlobalSection(ExtensibilityGlobals) = postSolution
		SolutionGuid = {DE64D10E-35A3-4C86-90AA-AAD6D65A06A3}
	EndGlobalSection
EndGlobal
